
Microsoft Visual Studio Solution File, Format Version 12.00
# Visual Studio 14
VisualStudioVersion = 14.0.24720.0
MinimumVisualStudioVersion = 10.0.40219.1
Project("{8BC9CEB8-8B4A-11D0-8D11-00A0C91BC942}") = "lipitoolkit4.0.0", "lipitoolkit4.0.0\lipitoolkit4.0.0.vcxproj", "{2BC34E94-6D83-4600-90DA-738A11932B79}"
EndProject
Project("{8BC9CEB8-8B4A-11D0-8D11-00A0C91BC942}") = "lipiengine", "lipiengine\lipiengine.vcxproj", "{7A4D6527-23E5-4F00-B4D7-73E773FA898F}"
EndProject
Project("{8BC9CEB8-8B4A-11D0-8D11-00A0C91BC942}") = "common", "common\common.vcxproj", "{D28C4673-D796-4AD9-9DB4-2C7151F32FC9}"
EndProject
Project("{8BC9CEB8-8B4A-11D0-8D11-00A0C91BC942}") = "utils", "utils\utils.vcxproj", "{FFCB497F-E263-4A66-846C-A566530A2A1E}"
EndProject
Project("{8BC9CEB8-8B4A-11D0-8D11-00A0C91BC942}") = "shapereccommon", "shapereccommon\shapereccommon.vcxproj", "{099127DD-A479-4FDD-8217-48C10746EAF8}"
EndProject
Project("{8BC9CEB8-8B4A-11D0-8D11-00A0C91BC942}") = "wordreccommon", "wordreccommon\wordreccommon.vcxproj", "{EF54AA71-825A-44D6-A3C0-FE71E66EA5D3}"
EndProject
Project("{8BC9CEB8-8B4A-11D0-8D11-00A0C91BC942}") = "featurefilewriter", "featurefilewriter\featurefilewriter.vcxproj", "{20AA4EDF-6CFB-468E-BAF7-58958DB2D31C}"
EndProject
Project("{8BC9CEB8-8B4A-11D0-8D11-00A0C91BC942}") = "logger", "logger\logger.vcxproj", "{991D610D-A6D1-4D9D-9BE2-958FCFEC3573}"
EndProject
Project("{8BC9CEB8-8B4A-11D0-8D11-00A0C91BC942}") = "imgwriter", "imgwriter\imgwriter.vcxproj", "{0AFB9485-767F-41BE-BC51-CCC947237604}"
EndProject
Project("{8BC9CEB8-8B4A-11D0-8D11-00A0C91BC942}") = "mdv", "mdv\mdv.vcxproj", "{013C9D3B-EFE4-4254-8613-B3FB2C62D30D}"
EndProject
Project("{8BC9CEB8-8B4A-11D0-8D11-00A0C91BC942}") = "runshaperec", "runshaperec\runshaperec.vcxproj", "{5ACDBE78-1DD9-436C-8C46-C89B3529CAE7}"
EndProject
Project("{8BC9CEB8-8B4A-11D0-8D11-00A0C91BC942}") = "runwordrec", "runwordrec\runwordrec.vcxproj", "{B506C8B3-B3AB-4E78-A13E-B31CC057C055}"
EndProject
Project("{8BC9CEB8-8B4A-11D0-8D11-00A0C91BC942}") = "featureextractorcommon", "featureextractorcommon\featureextractorcommon.vcxproj", "{C845C3A2-D705-4368-9A7C-53C287688C3E}"
EndProject
Project("{8BC9CEB8-8B4A-11D0-8D11-00A0C91BC942}") = "l7", "l7\l7.vcxproj", "{3AF37CD3-9587-43CC-A01C-28D5A524C1C6}"
EndProject
Project("{8BC9CEB8-8B4A-11D0-8D11-00A0C91BC942}") = "pointfloat", "pointfloat\pointfloat.vcxproj", "{A7E15CAA-2C20-4B7B-BFF1-645CD59282FE}"
EndProject
Project("{8BC9CEB8-8B4A-11D0-8D11-00A0C91BC942}") = "substroke", "substroke\substroke.vcxproj", "{370D582E-8D72-4419-ABDC-1320C09F1F72}"
EndProject
Project("{8BC9CEB8-8B4A-11D0-8D11-00A0C91BC942}") = "npen", "npen\npen.vcxproj", "{AE9DFAD6-60AF-437B-B4A2-C447E80D34EF}"
EndProject
Project("{8BC9CEB8-8B4A-11D0-8D11-00A0C91BC942}") = "neuralnet", "neuralnet\neuralnet.vcxproj", "{B2E7833B-8159-4230-91CB-5FA2FEB4559A}"
EndProject
Project("{8BC9CEB8-8B4A-11D0-8D11-00A0C91BC942}") = "activedtw", "activedtw\activedtw.vcxproj", "{567E4859-9683-49C5-BD5D-771E22215BE2}"
EndProject
Project("{8BC9CEB8-8B4A-11D0-8D11-00A0C91BC942}") = "nn", "nn\nn.vcxproj", "{69B258F4-57B9-4B08-96DE-2550C695DF68}"
EndProject
Project("{8BC9CEB8-8B4A-11D0-8D11-00A0C91BC942}") = "preproc", "preproc\preproc.vcxproj", "{84E60FFE-4EA0-43E1-9112-0FA218BA6F7A}"
EndProject
Project("{8BC9CEB8-8B4A-11D0-8D11-00A0C91BC942}") = "boxfld", "boxfld\boxfld.vcxproj", "{F7802F8A-EDFA-4D92-BD30-350505C60755}"
EndProject
Project("{8BC9CEB8-8B4A-11D0-8D11-00A0C91BC942}") = "wordpreproc", "wordpreproc\wordpreproc.vcxproj", "{177E8135-E0EA-4865-87E3-024FC9F4B660}"
EndProject
Project("{2150E333-8FDC-42A3-9474-1A3956D46DE8}") = "Solution Items", "Solution Items", "{5E4927A6-8E78-436D-91E9-4BCDCEB0E524}"
	ProjectSection(SolutionItems) = preProject
		ReadMe.txt = ReadMe.txt
	EndProjectSection
EndProject
Global
	GlobalSection(SolutionConfigurationPlatforms) = preSolution
		Debug|x64 = Debug|x64
		Debug|x86 = Debug|x86
		Release|x64 = Release|x64
		Release|x86 = Release|x86
	EndGlobalSection
	GlobalSection(ProjectConfigurationPlatforms) = postSolution
		{2BC34E94-6D83-4600-90DA-738A11932B79}.Debug|x64.ActiveCfg = Debug|x64
		{2BC34E94-6D83-4600-90DA-738A11932B79}.Debug|x64.Build.0 = Debug|x64
		{2BC34E94-6D83-4600-90DA-738A11932B79}.Debug|x86.ActiveCfg = Debug|Win32
		{2BC34E94-6D83-4600-90DA-738A11932B79}.Debug|x86.Build.0 = Debug|Win32
		{2BC34E94-6D83-4600-90DA-738A11932B79}.Release|x64.ActiveCfg = Release|x64
		{2BC34E94-6D83-4600-90DA-738A11932B79}.Release|x64.Build.0 = Release|x64
		{2BC34E94-6D83-4600-90DA-738A11932B79}.Release|x86.ActiveCfg = Release|Win32
		{2BC34E94-6D83-4600-90DA-738A11932B79}.Release|x86.Build.0 = Release|Win32
		{7A4D6527-23E5-4F00-B4D7-73E773FA898F}.Debug|x64.ActiveCfg = Debug|x64
		{7A4D6527-23E5-4F00-B4D7-73E773FA898F}.Debug|x64.Build.0 = Debug|x64
		{7A4D6527-23E5-4F00-B4D7-73E773FA898F}.Debug|x86.ActiveCfg = Debug|Win32
		{7A4D6527-23E5-4F00-B4D7-73E773FA898F}.Debug|x86.Build.0 = Debug|Win32
		{7A4D6527-23E5-4F00-B4D7-73E773FA898F}.Release|x64.ActiveCfg = Release|x64
		{7A4D6527-23E5-4F00-B4D7-73E773FA898F}.Release|x64.Build.0 = Release|x64
		{7A4D6527-23E5-4F00-B4D7-73E773FA898F}.Release|x86.ActiveCfg = Release|Win32
		{7A4D6527-23E5-4F00-B4D7-73E773FA898F}.Release|x86.Build.0 = Release|Win32
		{D28C4673-D796-4AD9-9DB4-2C7151F32FC9}.Debug|x64.ActiveCfg = Debug|x64
		{D28C4673-D796-4AD9-9DB4-2C7151F32FC9}.Debug|x64.Build.0 = Debug|x64
		{D28C4673-D796-4AD9-9DB4-2C7151F32FC9}.Debug|x86.ActiveCfg = Debug|Win32
		{D28C4673-D796-4AD9-9DB4-2C7151F32FC9}.Debug|x86.Build.0 = Debug|Win32
		{D28C4673-D796-4AD9-9DB4-2C7151F32FC9}.Release|x64.ActiveCfg = Release|x64
		{D28C4673-D796-4AD9-9DB4-2C7151F32FC9}.Release|x64.Build.0 = Release|x64
		{D28C4673-D796-4AD9-9DB4-2C7151F32FC9}.Release|x86.ActiveCfg = Release|Win32
		{D28C4673-D796-4AD9-9DB4-2C7151F32FC9}.Release|x86.Build.0 = Release|Win32
		{FFCB497F-E263-4A66-846C-A566530A2A1E}.Debug|x64.ActiveCfg = Debug|x64
		{FFCB497F-E263-4A66-846C-A566530A2A1E}.Debug|x64.Build.0 = Debug|x64
		{FFCB497F-E263-4A66-846C-A566530A2A1E}.Debug|x86.ActiveCfg = Debug|Win32
		{FFCB497F-E263-4A66-846C-A566530A2A1E}.Debug|x86.Build.0 = Debug|Win32
		{FFCB497F-E263-4A66-846C-A566530A2A1E}.Release|x64.ActiveCfg = Release|x64
		{FFCB497F-E263-4A66-846C-A566530A2A1E}.Release|x64.Build.0 = Release|x64
		{FFCB497F-E263-4A66-846C-A566530A2A1E}.Release|x86.ActiveCfg = Release|Win32
		{FFCB497F-E263-4A66-846C-A566530A2A1E}.Release|x86.Build.0 = Release|Win32
		{099127DD-A479-4FDD-8217-48C10746EAF8}.Debug|x64.ActiveCfg = Debug|x64
		{099127DD-A479-4FDD-8217-48C10746EAF8}.Debug|x64.Build.0 = Debug|x64
		{099127DD-A479-4FDD-8217-48C10746EAF8}.Debug|x86.ActiveCfg = Debug|Win32
		{099127DD-A479-4FDD-8217-48C10746EAF8}.Debug|x86.Build.0 = Debug|Win32
		{099127DD-A479-4FDD-8217-48C10746EAF8}.Release|x64.ActiveCfg = Release|x64
		{099127DD-A479-4FDD-8217-48C10746EAF8}.Release|x64.Build.0 = Release|x64
		{099127DD-A479-4FDD-8217-48C10746EAF8}.Release|x86.ActiveCfg = Release|Win32
		{099127DD-A479-4FDD-8217-48C10746EAF8}.Release|x86.Build.0 = Release|Win32
		{EF54AA71-825A-44D6-A3C0-FE71E66EA5D3}.Debug|x64.ActiveCfg = Debug|x64
		{EF54AA71-825A-44D6-A3C0-FE71E66EA5D3}.Debug|x64.Build.0 = Debug|x64
		{EF54AA71-825A-44D6-A3C0-FE71E66EA5D3}.Debug|x86.ActiveCfg = Debug|Win32
		{EF54AA71-825A-44D6-A3C0-FE71E66EA5D3}.Debug|x86.Build.0 = Debug|Win32
		{EF54AA71-825A-44D6-A3C0-FE71E66EA5D3}.Release|x64.ActiveCfg = Release|x64
		{EF54AA71-825A-44D6-A3C0-FE71E66EA5D3}.Release|x64.Build.0 = Release|x64
		{EF54AA71-825A-44D6-A3C0-FE71E66EA5D3}.Release|x86.ActiveCfg = Release|Win32
		{EF54AA71-825A-44D6-A3C0-FE71E66EA5D3}.Release|x86.Build.0 = Release|Win32
		{20AA4EDF-6CFB-468E-BAF7-58958DB2D31C}.Debug|x64.ActiveCfg = Debug|x64
		{20AA4EDF-6CFB-468E-BAF7-58958DB2D31C}.Debug|x64.Build.0 = Debug|x64
		{20AA4EDF-6CFB-468E-BAF7-58958DB2D31C}.Debug|x86.ActiveCfg = Debug|Win32
		{20AA4EDF-6CFB-468E-BAF7-58958DB2D31C}.Debug|x86.Build.0 = Debug|Win32
		{20AA4EDF-6CFB-468E-BAF7-58958DB2D31C}.Release|x64.ActiveCfg = Release|x64
		{20AA4EDF-6CFB-468E-BAF7-58958DB2D31C}.Release|x64.Build.0 = Release|x64
		{20AA4EDF-6CFB-468E-BAF7-58958DB2D31C}.Release|x86.ActiveCfg = Release|Win32
		{20AA4EDF-6CFB-468E-BAF7-58958DB2D31C}.Release|x86.Build.0 = Release|Win32
		{991D610D-A6D1-4D9D-9BE2-958FCFEC3573}.Debug|x64.ActiveCfg = Debug|x64
		{991D610D-A6D1-4D9D-9BE2-958FCFEC3573}.Debug|x64.Build.0 = Debug|x64
		{991D610D-A6D1-4D9D-9BE2-958FCFEC3573}.Debug|x86.ActiveCfg = Debug|Win32
		{991D610D-A6D1-4D9D-9BE2-958FCFEC3573}.Debug|x86.Build.0 = Debug|Win32
		{991D610D-A6D1-4D9D-9BE2-958FCFEC3573}.Release|x64.ActiveCfg = Release|x64
		{991D610D-A6D1-4D9D-9BE2-958FCFEC3573}.Release|x64.Build.0 = Release|x64
		{991D610D-A6D1-4D9D-9BE2-958FCFEC3573}.Release|x86.ActiveCfg = Release|Win32
		{991D610D-A6D1-4D9D-9BE2-958FCFEC3573}.Release|x86.Build.0 = Release|Win32
		{0AFB9485-767F-41BE-BC51-CCC947237604}.Debug|x64.ActiveCfg = Debug|x64
		{0AFB9485-767F-41BE-BC51-CCC947237604}.Debug|x64.Build.0 = Debug|x64
		{0AFB9485-767F-41BE-BC51-CCC947237604}.Debug|x86.ActiveCfg = Debug|Win32
		{0AFB9485-767F-41BE-BC51-CCC947237604}.Debug|x86.Build.0 = Debug|Win32
		{0AFB9485-767F-41BE-BC51-CCC947237604}.Release|x64.ActiveCfg = Release|x64
		{0AFB9485-767F-41BE-BC51-CCC947237604}.Release|x64.Build.0 = Release|x64
		{0AFB9485-767F-41BE-BC51-CCC947237604}.Release|x86.ActiveCfg = Release|Win32
		{0AFB9485-767F-41BE-BC51-CCC947237604}.Release|x86.Build.0 = Release|Win32
		{013C9D3B-EFE4-4254-8613-B3FB2C62D30D}.Debug|x64.ActiveCfg = Debug|x64
		{013C9D3B-EFE4-4254-8613-B3FB2C62D30D}.Debug|x64.Build.0 = Debug|x64
		{013C9D3B-EFE4-4254-8613-B3FB2C62D30D}.Debug|x86.ActiveCfg = Debug|Win32
		{013C9D3B-EFE4-4254-8613-B3FB2C62D30D}.Debug|x86.Build.0 = Debug|Win32
		{013C9D3B-EFE4-4254-8613-B3FB2C62D30D}.Release|x64.ActiveCfg = Release|x64
		{013C9D3B-EFE4-4254-8613-B3FB2C62D30D}.Release|x64.Build.0 = Release|x64
		{013C9D3B-EFE4-4254-8613-B3FB2C62D30D}.Release|x86.ActiveCfg = Release|Win32
		{013C9D3B-EFE4-4254-8613-B3FB2C62D30D}.Release|x86.Build.0 = Release|Win32
		{5ACDBE78-1DD9-436C-8C46-C89B3529CAE7}.Debug|x64.ActiveCfg = Debug|x64
		{5ACDBE78-1DD9-436C-8C46-C89B3529CAE7}.Debug|x64.Build.0 = Debug|x64
		{5ACDBE78-1DD9-436C-8C46-C89B3529CAE7}.Debug|x86.ActiveCfg = Debug|Win32
		{5ACDBE78-1DD9-436C-8C46-C89B3529CAE7}.Debug|x86.Build.0 = Debug|Win32
		{5ACDBE78-1DD9-436C-8C46-C89B3529CAE7}.Release|x64.ActiveCfg = Release|x64
		{5ACDBE78-1DD9-436C-8C46-C89B3529CAE7}.Release|x64.Build.0 = Release|x64
		{5ACDBE78-1DD9-436C-8C46-C89B3529CAE7}.Release|x86.ActiveCfg = Release|Win32
		{5ACDBE78-1DD9-436C-8C46-C89B3529CAE7}.Release|x86.Build.0 = Release|Win32
		{B506C8B3-B3AB-4E78-A13E-B31CC057C055}.Debug|x64.ActiveCfg = Debug|x64
		{B506C8B3-B3AB-4E78-A13E-B31CC057C055}.Debug|x64.Build.0 = Debug|x64
		{B506C8B3-B3AB-4E78-A13E-B31CC057C055}.Debug|x86.ActiveCfg = Debug|Win32
		{B506C8B3-B3AB-4E78-A13E-B31CC057C055}.Debug|x86.Build.0 = Debug|Win32
		{B506C8B3-B3AB-4E78-A13E-B31CC057C055}.Release|x64.ActiveCfg = Release|x64
		{B506C8B3-B3AB-4E78-A13E-B31CC057C055}.Release|x64.Build.0 = Release|x64
		{B506C8B3-B3AB-4E78-A13E-B31CC057C055}.Release|x86.ActiveCfg = Release|Win32
		{B506C8B3-B3AB-4E78-A13E-B31CC057C055}.Release|x86.Build.0 = Release|Win32
		{C845C3A2-D705-4368-9A7C-53C287688C3E}.Debug|x64.ActiveCfg = Debug|x64
		{C845C3A2-D705-4368-9A7C-53C287688C3E}.Debug|x64.Build.0 = Debug|x64
		{C845C3A2-D705-4368-9A7C-53C287688C3E}.Debug|x86.ActiveCfg = Debug|Win32
		{C845C3A2-D705-4368-9A7C-53C287688C3E}.Debug|x86.Build.0 = Debug|Win32
		{C845C3A2-D705-4368-9A7C-53C287688C3E}.Release|x64.ActiveCfg = Release|x64
		{C845C3A2-D705-4368-9A7C-53C287688C3E}.Release|x64.Build.0 = Release|x64
		{C845C3A2-D705-4368-9A7C-53C287688C3E}.Release|x86.ActiveCfg = Release|Win32
		{C845C3A2-D705-4368-9A7C-53C287688C3E}.Release|x86.Build.0 = Release|Win32
		{3AF37CD3-9587-43CC-A01C-28D5A524C1C6}.Debug|x64.ActiveCfg = Debug|x64
		{3AF37CD3-9587-43CC-A01C-28D5A524C1C6}.Debug|x64.Build.0 = Debug|x64
		{3AF37CD3-9587-43CC-A01C-28D5A524C1C6}.Debug|x86.ActiveCfg = Debug|Win32
		{3AF37CD3-9587-43CC-A01C-28D5A524C1C6}.Debug|x86.Build.0 = Debug|Win32
		{3AF37CD3-9587-43CC-A01C-28D5A524C1C6}.Release|x64.ActiveCfg = Release|x64
		{3AF37CD3-9587-43CC-A01C-28D5A524C1C6}.Release|x64.Build.0 = Release|x64
		{3AF37CD3-9587-43CC-A01C-28D5A524C1C6}.Release|x86.ActiveCfg = Release|Win32
		{3AF37CD3-9587-43CC-A01C-28D5A524C1C6}.Release|x86.Build.0 = Release|Win32
		{A7E15CAA-2C20-4B7B-BFF1-645CD59282FE}.Debug|x64.ActiveCfg = Debug|x64
		{A7E15CAA-2C20-4B7B-BFF1-645CD59282FE}.Debug|x64.Build.0 = Debug|x64
		{A7E15CAA-2C20-4B7B-BFF1-645CD59282FE}.Debug|x86.ActiveCfg = Debug|Win32
		{A7E15CAA-2C20-4B7B-BFF1-645CD59282FE}.Debug|x86.Build.0 = Debug|Win32
		{A7E15CAA-2C20-4B7B-BFF1-645CD59282FE}.Release|x64.ActiveCfg = Release|x64
		{A7E15CAA-2C20-4B7B-BFF1-645CD59282FE}.Release|x64.Build.0 = Release|x64
		{A7E15CAA-2C20-4B7B-BFF1-645CD59282FE}.Release|x86.ActiveCfg = Release|Win32
		{A7E15CAA-2C20-4B7B-BFF1-645CD59282FE}.Release|x86.Build.0 = Release|Win32
		{370D582E-8D72-4419-ABDC-1320C09F1F72}.Debug|x64.ActiveCfg = Debug|x64
		{370D582E-8D72-4419-ABDC-1320C09F1F72}.Debug|x64.Build.0 = Debug|x64
		{370D582E-8D72-4419-ABDC-1320C09F1F72}.Debug|x86.ActiveCfg = Debug|Win32
		{370D582E-8D72-4419-ABDC-1320C09F1F72}.Debug|x86.Build.0 = Debug|Win32
		{370D582E-8D72-4419-ABDC-1320C09F1F72}.Release|x64.ActiveCfg = Release|x64
		{370D582E-8D72-4419-ABDC-1320C09F1F72}.Release|x64.Build.0 = Release|x64
		{370D582E-8D72-4419-ABDC-1320C09F1F72}.Release|x86.ActiveCfg = Release|Win32
		{370D582E-8D72-4419-ABDC-1320C09F1F72}.Release|x86.Build.0 = Release|Win32
		{AE9DFAD6-60AF-437B-B4A2-C447E80D34EF}.Debug|x64.ActiveCfg = Debug|x64
		{AE9DFAD6-60AF-437B-B4A2-C447E80D34EF}.Debug|x64.Build.0 = Debug|x64
		{AE9DFAD6-60AF-437B-B4A2-C447E80D34EF}.Debug|x86.ActiveCfg = Debug|Win32
		{AE9DFAD6-60AF-437B-B4A2-C447E80D34EF}.Debug|x86.Build.0 = Debug|Win32
		{AE9DFAD6-60AF-437B-B4A2-C447E80D34EF}.Release|x64.ActiveCfg = Release|x64
		{AE9DFAD6-60AF-437B-B4A2-C447E80D34EF}.Release|x64.Build.0 = Release|x64
		{AE9DFAD6-60AF-437B-B4A2-C447E80D34EF}.Release|x86.ActiveCfg = Release|Win32
		{AE9DFAD6-60AF-437B-B4A2-C447E80D34EF}.Release|x86.Build.0 = Release|Win32
		{B2E7833B-8159-4230-91CB-5FA2FEB4559A}.Debug|x64.ActiveCfg = Debug|x64
		{B2E7833B-8159-4230-91CB-5FA2FEB4559A}.Debug|x64.Build.0 = Debug|x64
		{B2E7833B-8159-4230-91CB-5FA2FEB4559A}.Debug|x86.ActiveCfg = Debug|Win32
		{B2E7833B-8159-4230-91CB-5FA2FEB4559A}.Debug|x86.Build.0 = Debug|Win32
		{B2E7833B-8159-4230-91CB-5FA2FEB4559A}.Release|x64.ActiveCfg = Release|x64
		{B2E7833B-8159-4230-91CB-5FA2FEB4559A}.Release|x64.Build.0 = Release|x64
		{B2E7833B-8159-4230-91CB-5FA2FEB4559A}.Release|x86.ActiveCfg = Release|Win32
		{B2E7833B-8159-4230-91CB-5FA2FEB4559A}.Release|x86.Build.0 = Release|Win32
		{567E4859-9683-49C5-BD5D-771E22215BE2}.Debug|x64.ActiveCfg = Debug|x64
		{567E4859-9683-49C5-BD5D-771E22215BE2}.Debug|x64.Build.0 = Debug|x64
		{567E4859-9683-49C5-BD5D-771E22215BE2}.Debug|x86.ActiveCfg = Debug|Win32
		{567E4859-9683-49C5-BD5D-771E22215BE2}.Debug|x86.Build.0 = Debug|Win32
		{567E4859-9683-49C5-BD5D-771E22215BE2}.Release|x64.ActiveCfg = Release|x64
		{567E4859-9683-49C5-BD5D-771E22215BE2}.Release|x64.Build.0 = Release|x64
		{567E4859-9683-49C5-BD5D-771E22215BE2}.Release|x86.ActiveCfg = Release|Win32
		{567E4859-9683-49C5-BD5D-771E22215BE2}.Release|x86.Build.0 = Release|Win32
		{69B258F4-57B9-4B08-96DE-2550C695DF68}.Debug|x64.ActiveCfg = Debug|x64
		{69B258F4-57B9-4B08-96DE-2550C695DF68}.Debug|x64.Build.0 = Debug|x64
		{69B258F4-57B9-4B08-96DE-2550C695DF68}.Debug|x86.ActiveCfg = Debug|Win32
		{69B258F4-57B9-4B08-96DE-2550C695DF68}.Debug|x86.Build.0 = Debug|Win32
		{69B258F4-57B9-4B08-96DE-2550C695DF68}.Release|x64.ActiveCfg = Release|x64
		{69B258F4-57B9-4B08-96DE-2550C695DF68}.Release|x64.Build.0 = Release|x64
		{69B258F4-57B9-4B08-96DE-2550C695DF68}.Release|x86.ActiveCfg = Release|Win32
		{69B258F4-57B9-4B08-96DE-2550C695DF68}.Release|x86.Build.0 = Release|Win32
		{84E60FFE-4EA0-43E1-9112-0FA218BA6F7A}.Debug|x64.ActiveCfg = Debug|x64
		{84E60FFE-4EA0-43E1-9112-0FA218BA6F7A}.Debug|x64.Build.0 = Debug|x64
		{84E60FFE-4EA0-43E1-9112-0FA218BA6F7A}.Debug|x86.ActiveCfg = Debug|Win32
		{84E60FFE-4EA0-43E1-9112-0FA218BA6F7A}.Debug|x86.Build.0 = Debug|Win32
		{84E60FFE-4EA0-43E1-9112-0FA218BA6F7A}.Release|x64.ActiveCfg = Release|x64
		{84E60FFE-4EA0-43E1-9112-0FA218BA6F7A}.Release|x64.Build.0 = Release|x64
		{84E60FFE-4EA0-43E1-9112-0FA218BA6F7A}.Release|x86.ActiveCfg = Release|Win32
		{84E60FFE-4EA0-43E1-9112-0FA218BA6F7A}.Release|x86.Build.0 = Release|Win32
		{F7802F8A-EDFA-4D92-BD30-350505C60755}.Debug|x64.ActiveCfg = Debug|x64
		{F7802F8A-EDFA-4D92-BD30-350505C60755}.Debug|x64.Build.0 = Debug|x64
		{F7802F8A-EDFA-4D92-BD30-350505C60755}.Debug|x86.ActiveCfg = Debug|Win32
		{F7802F8A-EDFA-4D92-BD30-350505C60755}.Debug|x86.Build.0 = Debug|Win32
		{F7802F8A-EDFA-4D92-BD30-350505C60755}.Release|x64.ActiveCfg = Release|x64
		{F7802F8A-EDFA-4D92-BD30-350505C60755}.Release|x64.Build.0 = Release|x64
		{F7802F8A-EDFA-4D92-BD30-350505C60755}.Release|x86.ActiveCfg = Release|Win32
		{F7802F8A-EDFA-4D92-BD30-350505C60755}.Release|x86.Build.0 = Release|Win32
		{177E8135-E0EA-4865-87E3-024FC9F4B660}.Debug|x64.ActiveCfg = Debug|x64
		{177E8135-E0EA-4865-87E3-024FC9F4B660}.Debug|x64.Build.0 = Debug|x64
		{177E8135-E0EA-4865-87E3-024FC9F4B660}.Debug|x86.ActiveCfg = Debug|Win32
		{177E8135-E0EA-4865-87E3-024FC9F4B660}.Debug|x86.Build.0 = Debug|Win32
		{177E8135-E0EA-4865-87E3-024FC9F4B660}.Release|x64.ActiveCfg = Release|x64
		{177E8135-E0EA-4865-87E3-024FC9F4B660}.Release|x64.Build.0 = Release|x64
		{177E8135-E0EA-4865-87E3-024FC9F4B660}.Release|x86.ActiveCfg = Release|Win32
		{177E8135-E0EA-4865-87E3-024FC9F4B660}.Release|x86.Build.0 = Release|Win32
	EndGlobalSection
	GlobalSection(SolutionProperties) = preSolution
		HideSolutionNode = FALSE
	EndGlobalSection
EndGlobal
